// !$*UTF8*$!
{
	archiveVersion = 1;
	classes = {
	};
	objectVersion = 55;
	objects = {

/* Begin PBXBuildFile section */
		7D3A7F0527B22A4B001FDB0A /* AppDelegate.swift in Sources */ = {isa = PBXBuildFile; fileRef = 7D3A7F0427B22A4B001FDB0A /* AppDelegate.swift */; };
		7D3A7F0E27B22A4D001FDB0A /* Assets.xcassets in Resources */ = {isa = PBXBuildFile; fileRef = 7D3A7F0D27B22A4D001FDB0A /* Assets.xcassets */; };
		7D3A7F1127B22A4D001FDB0A /* LaunchScreen.storyboard in Resources */ = {isa = PBXBuildFile; fileRef = 7D3A7F0F27B22A4D001FDB0A /* LaunchScreen.storyboard */; };
		7D3A7F1C27B22A4D001FDB0A /* StickyTableViewTests.swift in Sources */ = {isa = PBXBuildFile; fileRef = 7D3A7F1B27B22A4D001FDB0A /* StickyTableViewTests.swift */; };
		7D3A7F2627B22A4D001FDB0A /* StickyTableViewUITests.swift in Sources */ = {isa = PBXBuildFile; fileRef = 7D3A7F2527B22A4D001FDB0A /* StickyTableViewUITests.swift */; };
		7D3A7F2827B22A4D001FDB0A /* StickyTableViewUITestsLaunchTests.swift in Sources */ = {isa = PBXBuildFile; fileRef = 7D3A7F2727B22A4D001FDB0A /* StickyTableViewUITestsLaunchTests.swift */; };
		7D3A7F3627B22AA8001FDB0A /* CellType.swift in Sources */ = {isa = PBXBuildFile; fileRef = 7D3A7F3527B22AA8001FDB0A /* CellType.swift */; };
		7D3A7F3827B22AD0001FDB0A /* Row.swift in Sources */ = {isa = PBXBuildFile; fileRef = 7D3A7F3727B22AD0001FDB0A /* Row.swift */; };
		7D3A7F3A27B22AD9001FDB0A /* Section.swift in Sources */ = {isa = PBXBuildFile; fileRef = 7D3A7F3927B22AD9001FDB0A /* Section.swift */; };
		7D3A7F3E27B22E35001FDB0A /* IndexPath+Extensions.swift in Sources */ = {isa = PBXBuildFile; fileRef = 7D3A7F3D27B22E35001FDB0A /* IndexPath+Extensions.swift */; };
		7D3A7F4027B22E3E001FDB0A /* UITableViewCell+Extensions.swift in Sources */ = {isa = PBXBuildFile; fileRef = 7D3A7F3F27B22E3E001FDB0A /* UITableViewCell+Extensions.swift */; };
		7D3A7F4227B22E85001FDB0A /* TableViewController.swift in Sources */ = {isa = PBXBuildFile; fileRef = 7D3A7F4127B22E84001FDB0A /* TableViewController.swift */; };
		7D3A7F4A27B238EB001FDB0A /* StickyTableView.swift in Sources */ = {isa = PBXBuildFile; fileRef = 7D3A7F4927B238EB001FDB0A /* StickyTableView.swift */; };
		7D3A7F4D27B245AE001FDB0A /* ClassIdentifiable.swift in Sources */ = {isa = PBXBuildFile; fileRef = 7D3A7F4C27B245AE001FDB0A /* ClassIdentifiable.swift */; };
		7D3A7F5127B24655001FDB0A /* UITableView+Identifiable.swift in Sources */ = {isa = PBXBuildFile; fileRef = 7D3A7F5027B24655001FDB0A /* UITableView+Identifiable.swift */; };
		7D3A7F5327B24770001FDB0A /* StickyTableViewCell.swift in Sources */ = {isa = PBXBuildFile; fileRef = 7D3A7F5227B24770001FDB0A /* StickyTableViewCell.swift */; };
		7D3A7F5527B24783001FDB0A /* StandardTableViewCell.swift in Sources */ = {isa = PBXBuildFile; fileRef = 7D3A7F5427B24783001FDB0A /* StandardTableViewCell.swift */; };
		7D3A7F5727B24C00001FDB0A /* PersonTableViewCell.swift in Sources */ = {isa = PBXBuildFile; fileRef = 7D3A7F5627B24C00001FDB0A /* PersonTableViewCell.swift */; };
		7D3A7F5F27B24DB3001FDB0A /* data1.json in Resources */ = {isa = PBXBuildFile; fileRef = 7D3A7F5E27B24DB3001FDB0A /* data1.json */; };
		7D3A7F6127B24DBC001FDB0A /* data2.json in Resources */ = {isa = PBXBuildFile; fileRef = 7D3A7F6027B24DBC001FDB0A /* data2.json */; };
		85A695D8C90B67D71C512EAB /* Pods_StickyTableView_StickyTableViewUITests.framework in Frameworks */ = {isa = PBXBuildFile; fileRef = D2B7BADE90A737D29D9838B8 /* Pods_StickyTableView_StickyTableViewUITests.framework */; };
		B975F41284C23B76690E7470 /* Pods_StickyTableViewTests.framework in Frameworks */ = {isa = PBXBuildFile; fileRef = 63C00D5D9E8AD56AA14ED255 /* Pods_StickyTableViewTests.framework */; };
		FCDA4E3F108704FC6C632872 /* Pods_StickyTableView.framework in Frameworks */ = {isa = PBXBuildFile; fileRef = FA418B2C861E638DCCE81847 /* Pods_StickyTableView.framework */; };
/* End PBXBuildFile section */

/* Begin PBXContainerItemProxy section */
		7D3A7F1827B22A4D001FDB0A /* PBXContainerItemProxy */ = {
			isa = PBXContainerItemProxy;
			containerPortal = 7D3A7EF927B22A4B001FDB0A /* Project object */;
			proxyType = 1;
			remoteGlobalIDString = 7D3A7F0027B22A4B001FDB0A;
			remoteInfo = StickyTableView;
		};
		7D3A7F2227B22A4D001FDB0A /* PBXContainerItemProxy */ = {
			isa = PBXContainerItemProxy;
			containerPortal = 7D3A7EF927B22A4B001FDB0A /* Project object */;
			proxyType = 1;
			remoteGlobalIDString = 7D3A7F0027B22A4B001FDB0A;
			remoteInfo = StickyTableView;
		};
/* End PBXContainerItemProxy section */

/* Begin PBXFileReference section */
		37C5854B0689528DC7E25A44 /* Pods-StickyTableView.debug.xcconfig */ = {isa = PBXFileReference; includeInIndex = 1; lastKnownFileType = text.xcconfig; name = "Pods-StickyTableView.debug.xcconfig"; path = "Target Support Files/Pods-StickyTableView/Pods-StickyTableView.debug.xcconfig"; sourceTree = "<group>"; };
		4BC230F48A5475AA6EC485A6 /* Pods-StickyTableView-StickyTableViewUITests.release.xcconfig */ = {isa = PBXFileReference; includeInIndex = 1; lastKnownFileType = text.xcconfig; name = "Pods-StickyTableView-StickyTableViewUITests.release.xcconfig"; path = "Target Support Files/Pods-StickyTableView-StickyTableViewUITests/Pods-StickyTableView-StickyTableViewUITests.release.xcconfig"; sourceTree = "<group>"; };
		63C00D5D9E8AD56AA14ED255 /* Pods_StickyTableViewTests.framework */ = {isa = PBXFileReference; explicitFileType = wrapper.framework; includeInIndex = 0; path = Pods_StickyTableViewTests.framework; sourceTree = BUILT_PRODUCTS_DIR; };
		6D6880FF44DC11821E03769C /* Pods-StickyTableViewTests.debug.xcconfig */ = {isa = PBXFileReference; includeInIndex = 1; lastKnownFileType = text.xcconfig; name = "Pods-StickyTableViewTests.debug.xcconfig"; path = "Target Support Files/Pods-StickyTableViewTests/Pods-StickyTableViewTests.debug.xcconfig"; sourceTree = "<group>"; };
		7D3A7F0127B22A4B001FDB0A /* StickyTableView.app */ = {isa = PBXFileReference; explicitFileType = wrapper.application; includeInIndex = 0; path = StickyTableView.app; sourceTree = BUILT_PRODUCTS_DIR; };
		7D3A7F0427B22A4B001FDB0A /* AppDelegate.swift */ = {isa = PBXFileReference; lastKnownFileType = sourcecode.swift; path = AppDelegate.swift; sourceTree = "<group>"; };
		7D3A7F0D27B22A4D001FDB0A /* Assets.xcassets */ = {isa = PBXFileReference; lastKnownFileType = folder.assetcatalog; path = Assets.xcassets; sourceTree = "<group>"; };
		7D3A7F1027B22A4D001FDB0A /* Base */ = {isa = PBXFileReference; lastKnownFileType = file.storyboard; name = Base; path = Base.lproj/LaunchScreen.storyboard; sourceTree = "<group>"; };
		7D3A7F1227B22A4D001FDB0A /* Info.plist */ = {isa = PBXFileReference; lastKnownFileType = text.plist.xml; path = Info.plist; sourceTree = "<group>"; };
		7D3A7F1727B22A4D001FDB0A /* StickyTableViewTests.xctest */ = {isa = PBXFileReference; explicitFileType = wrapper.cfbundle; includeInIndex = 0; path = StickyTableViewTests.xctest; sourceTree = BUILT_PRODUCTS_DIR; };
		7D3A7F1B27B22A4D001FDB0A /* StickyTableViewTests.swift */ = {isa = PBXFileReference; lastKnownFileType = sourcecode.swift; path = StickyTableViewTests.swift; sourceTree = "<group>"; };
		7D3A7F2127B22A4D001FDB0A /* StickyTableViewUITests.xctest */ = {isa = PBXFileReference; explicitFileType = wrapper.cfbundle; includeInIndex = 0; path = StickyTableViewUITests.xctest; sourceTree = BUILT_PRODUCTS_DIR; };
		7D3A7F2527B22A4D001FDB0A /* StickyTableViewUITests.swift */ = {isa = PBXFileReference; lastKnownFileType = sourcecode.swift; path = StickyTableViewUITests.swift; sourceTree = "<group>"; };
		7D3A7F2727B22A4D001FDB0A /* StickyTableViewUITestsLaunchTests.swift */ = {isa = PBXFileReference; lastKnownFileType = sourcecode.swift; path = StickyTableViewUITestsLaunchTests.swift; sourceTree = "<group>"; };
		7D3A7F3527B22AA8001FDB0A /* CellType.swift */ = {isa = PBXFileReference; lastKnownFileType = sourcecode.swift; path = CellType.swift; sourceTree = "<group>"; };
		7D3A7F3727B22AD0001FDB0A /* Row.swift */ = {isa = PBXFileReference; lastKnownFileType = sourcecode.swift; path = Row.swift; sourceTree = "<group>"; };
		7D3A7F3927B22AD9001FDB0A /* Section.swift */ = {isa = PBXFileReference; lastKnownFileType = sourcecode.swift; path = Section.swift; sourceTree = "<group>"; };
		7D3A7F3D27B22E35001FDB0A /* IndexPath+Extensions.swift */ = {isa = PBXFileReference; lastKnownFileType = sourcecode.swift; path = "IndexPath+Extensions.swift"; sourceTree = "<group>"; };
		7D3A7F3F27B22E3E001FDB0A /* UITableViewCell+Extensions.swift */ = {isa = PBXFileReference; lastKnownFileType = sourcecode.swift; path = "UITableViewCell+Extensions.swift"; sourceTree = "<group>"; };
		7D3A7F4127B22E84001FDB0A /* TableViewController.swift */ = {isa = PBXFileReference; lastKnownFileType = sourcecode.swift; path = TableViewController.swift; sourceTree = "<group>"; };
		7D3A7F4927B238EB001FDB0A /* StickyTableView.swift */ = {isa = PBXFileReference; lastKnownFileType = sourcecode.swift; path = StickyTableView.swift; sourceTree = "<group>"; };
		7D3A7F4C27B245AE001FDB0A /* ClassIdentifiable.swift */ = {isa = PBXFileReference; lastKnownFileType = sourcecode.swift; path = ClassIdentifiable.swift; sourceTree = "<group>"; };
		7D3A7F5027B24655001FDB0A /* UITableView+Identifiable.swift */ = {isa = PBXFileReference; lastKnownFileType = sourcecode.swift; path = "UITableView+Identifiable.swift"; sourceTree = "<group>"; };
		7D3A7F5227B24770001FDB0A /* StickyTableViewCell.swift */ = {isa = PBXFileReference; lastKnownFileType = sourcecode.swift; path = StickyTableViewCell.swift; sourceTree = "<group>"; };
		7D3A7F5427B24783001FDB0A /* StandardTableViewCell.swift */ = {isa = PBXFileReference; lastKnownFileType = sourcecode.swift; path = StandardTableViewCell.swift; sourceTree = "<group>"; };
		7D3A7F5627B24C00001FDB0A /* PersonTableViewCell.swift */ = {isa = PBXFileReference; lastKnownFileType = sourcecode.swift; path = PersonTableViewCell.swift; sourceTree = "<group>"; };
		7D3A7F5E27B24DB3001FDB0A /* data1.json */ = {isa = PBXFileReference; lastKnownFileType = text.json; path = data1.json; sourceTree = "<group>"; };
		7D3A7F6027B24DBC001FDB0A /* data2.json */ = {isa = PBXFileReference; lastKnownFileType = text.json; path = data2.json; sourceTree = "<group>"; };
		9BF92925B93A65D1E3021953 /* Pods-StickyTableViewTests.release.xcconfig */ = {isa = PBXFileReference; includeInIndex = 1; lastKnownFileType = text.xcconfig; name = "Pods-StickyTableViewTests.release.xcconfig"; path = "Target Support Files/Pods-StickyTableViewTests/Pods-StickyTableViewTests.release.xcconfig"; sourceTree = "<group>"; };
		BF1CDD1FA00AC2573FDF4A64 /* Pods-StickyTableView.release.xcconfig */ = {isa = PBXFileReference; includeInIndex = 1; lastKnownFileType = text.xcconfig; name = "Pods-StickyTableView.release.xcconfig"; path = "Target Support Files/Pods-StickyTableView/Pods-StickyTableView.release.xcconfig"; sourceTree = "<group>"; };
		D168883695E5A41E9AEA7AB9 /* Pods-StickyTableView-StickyTableViewUITests.debug.xcconfig */ = {isa = PBXFileReference; includeInIndex = 1; lastKnownFileType = text.xcconfig; name = "Pods-StickyTableView-StickyTableViewUITests.debug.xcconfig"; path = "Target Support Files/Pods-StickyTableView-StickyTableViewUITests/Pods-StickyTableView-StickyTableViewUITests.debug.xcconfig"; sourceTree = "<group>"; };
		D2B7BADE90A737D29D9838B8 /* Pods_StickyTableView_StickyTableViewUITests.framework */ = {isa = PBXFileReference; explicitFileType = wrapper.framework; includeInIndex = 0; path = Pods_StickyTableView_StickyTableViewUITests.framework; sourceTree = BUILT_PRODUCTS_DIR; };
		FA418B2C861E638DCCE81847 /* Pods_StickyTableView.framework */ = {isa = PBXFileReference; explicitFileType = wrapper.framework; includeInIndex = 0; path = Pods_StickyTableView.framework; sourceTree = BUILT_PRODUCTS_DIR; };
/* End PBXFileReference section */

/* Begin PBXFrameworksBuildPhase section */
		7D3A7EFE27B22A4B001FDB0A /* Frameworks */ = {
			isa = PBXFrameworksBuildPhase;
			buildActionMask = 2147483647;
			files = (
				FCDA4E3F108704FC6C632872 /* Pods_StickyTableView.framework in Frameworks */,
			);
			runOnlyForDeploymentPostprocessing = 0;
		};
		7D3A7F1427B22A4D001FDB0A /* Frameworks */ = {
			isa = PBXFrameworksBuildPhase;
			buildActionMask = 2147483647;
			files = (
				B975F41284C23B76690E7470 /* Pods_StickyTableViewTests.framework in Frameworks */,
			);
			runOnlyForDeploymentPostprocessing = 0;
		};
		7D3A7F1E27B22A4D001FDB0A /* Frameworks */ = {
			isa = PBXFrameworksBuildPhase;
			buildActionMask = 2147483647;
			files = (
				85A695D8C90B67D71C512EAB /* Pods_StickyTableView_StickyTableViewUITests.framework in Frameworks */,
			);
			runOnlyForDeploymentPostprocessing = 0;
		};
/* End PBXFrameworksBuildPhase section */

/* Begin PBXGroup section */
		0B2348DC06CCD358EBA941A4 /* Pods */ = {
			isa = PBXGroup;
			children = (
				37C5854B0689528DC7E25A44 /* Pods-StickyTableView.debug.xcconfig */,
				BF1CDD1FA00AC2573FDF4A64 /* Pods-StickyTableView.release.xcconfig */,
				D168883695E5A41E9AEA7AB9 /* Pods-StickyTableView-StickyTableViewUITests.debug.xcconfig */,
				4BC230F48A5475AA6EC485A6 /* Pods-StickyTableView-StickyTableViewUITests.release.xcconfig */,
				6D6880FF44DC11821E03769C /* Pods-StickyTableViewTests.debug.xcconfig */,
				9BF92925B93A65D1E3021953 /* Pods-StickyTableViewTests.release.xcconfig */,
			);
			path = Pods;
			sourceTree = "<group>";
		};
		1CFD40057B3E2B8AC450009E /* Frameworks */ = {
			isa = PBXGroup;
			children = (
				FA418B2C861E638DCCE81847 /* Pods_StickyTableView.framework */,
				D2B7BADE90A737D29D9838B8 /* Pods_StickyTableView_StickyTableViewUITests.framework */,
				63C00D5D9E8AD56AA14ED255 /* Pods_StickyTableViewTests.framework */,
			);
			name = Frameworks;
			sourceTree = "<group>";
		};
		7D3A7EF827B22A4B001FDB0A = {
			isa = PBXGroup;
			children = (
				7D3A7F0327B22A4B001FDB0A /* StickyTableView */,
				7D3A7F1A27B22A4D001FDB0A /* StickyTableViewTests */,
				7D3A7F2427B22A4D001FDB0A /* StickyTableViewUITests */,
				7D3A7F0227B22A4B001FDB0A /* Products */,
				0B2348DC06CCD358EBA941A4 /* Pods */,
				1CFD40057B3E2B8AC450009E /* Frameworks */,
			);
			sourceTree = "<group>";
		};
		7D3A7F0227B22A4B001FDB0A /* Products */ = {
			isa = PBXGroup;
			children = (
				7D3A7F0127B22A4B001FDB0A /* StickyTableView.app */,
				7D3A7F1727B22A4D001FDB0A /* StickyTableViewTests.xctest */,
				7D3A7F2127B22A4D001FDB0A /* StickyTableViewUITests.xctest */,
			);
			name = Products;
			sourceTree = "<group>";
		};
		7D3A7F0327B22A4B001FDB0A /* StickyTableView */ = {
			isa = PBXGroup;
			children = (
				7D3A7F5827B24D27001FDB0A /* Assets */,
				7D3A7F4B27B245A4001FDB0A /* Utils */,
				7D3A7F4827B238E1001FDB0A /* Table */,
				7D3A7F3C27B22E29001FDB0A /* Extensions */,
				7D3A7F3B27B22E20001FDB0A /* Cells */,
				7D3A7F3427B22A9A001FDB0A /* Models */,
				7D3A7F0427B22A4B001FDB0A /* AppDelegate.swift */,
				7D3A7F0D27B22A4D001FDB0A /* Assets.xcassets */,
				7D3A7F0F27B22A4D001FDB0A /* LaunchScreen.storyboard */,
				7D3A7F1227B22A4D001FDB0A /* Info.plist */,
				7D3A7F4127B22E84001FDB0A /* TableViewController.swift */,
			);
			path = StickyTableView;
			sourceTree = "<group>";
		};
		7D3A7F1A27B22A4D001FDB0A /* StickyTableViewTests */ = {
			isa = PBXGroup;
			children = (
				7D3A7F1B27B22A4D001FDB0A /* StickyTableViewTests.swift */,
			);
			path = StickyTableViewTests;
			sourceTree = "<group>";
		};
		7D3A7F2427B22A4D001FDB0A /* StickyTableViewUITests */ = {
			isa = PBXGroup;
			children = (
				7D3A7F2527B22A4D001FDB0A /* StickyTableViewUITests.swift */,
				7D3A7F2727B22A4D001FDB0A /* StickyTableViewUITestsLaunchTests.swift */,
			);
			path = StickyTableViewUITests;
			sourceTree = "<group>";
		};
		7D3A7F3427B22A9A001FDB0A /* Models */ = {
			isa = PBXGroup;
			children = (
				7D3A7F3527B22AA8001FDB0A /* CellType.swift */,
				7D3A7F3727B22AD0001FDB0A /* Row.swift */,
				7D3A7F3927B22AD9001FDB0A /* Section.swift */,
			);
			path = Models;
			sourceTree = "<group>";
		};
		7D3A7F3B27B22E20001FDB0A /* Cells */ = {
			isa = PBXGroup;
			children = (
				7D3A7F5227B24770001FDB0A /* StickyTableViewCell.swift */,
				7D3A7F5427B24783001FDB0A /* StandardTableViewCell.swift */,
				7D3A7F5627B24C00001FDB0A /* PersonTableViewCell.swift */,
			);
			path = Cells;
			sourceTree = "<group>";
		};
		7D3A7F3C27B22E29001FDB0A /* Extensions */ = {
			isa = PBXGroup;
			children = (
				7D3A7F3D27B22E35001FDB0A /* IndexPath+Extensions.swift */,
				7D3A7F3F27B22E3E001FDB0A /* UITableViewCell+Extensions.swift */,
				7D3A7F5027B24655001FDB0A /* UITableView+Identifiable.swift */,
			);
			path = Extensions;
			sourceTree = "<group>";
		};
		7D3A7F4827B238E1001FDB0A /* Table */ = {
			isa = PBXGroup;
			children = (
				7D3A7F4927B238EB001FDB0A /* StickyTableView.swift */,
			);
			path = Table;
			sourceTree = "<group>";
		};
		7D3A7F4B27B245A4001FDB0A /* Utils */ = {
			isa = PBXGroup;
			children = (
				7D3A7F4C27B245AE001FDB0A /* ClassIdentifiable.swift */,
			);
			path = Utils;
			sourceTree = "<group>";
		};
		7D3A7F5827B24D27001FDB0A /* Assets */ = {
			isa = PBXGroup;
			children = (
				7D3A7F5E27B24DB3001FDB0A /* data1.json */,
				7D3A7F6027B24DBC001FDB0A /* data2.json */,
			);
			path = Assets;
			sourceTree = "<group>";
		};
/* End PBXGroup section */

/* Begin PBXNativeTarget section */
		7D3A7F0027B22A4B001FDB0A /* StickyTableView */ = {
			isa = PBXNativeTarget;
			buildConfigurationList = 7D3A7F2B27B22A4D001FDB0A /* Build configuration list for PBXNativeTarget "StickyTableView" */;
			buildPhases = (
				EF9B2EF60D494DA5876481A9 /* [CP] Check Pods Manifest.lock */,
				7D3A7EFD27B22A4B001FDB0A /* Sources */,
				7D3A7EFE27B22A4B001FDB0A /* Frameworks */,
				7D3A7EFF27B22A4B001FDB0A /* Resources */,
				81E5E31B1A309E6FCB3864B9 /* [CP] Embed Pods Frameworks */,
			);
			buildRules = (
			);
			dependencies = (
			);
			name = StickyTableView;
			productName = StickyTableView;
			productReference = 7D3A7F0127B22A4B001FDB0A /* StickyTableView.app */;
			productType = "com.apple.product-type.application";
		};
		7D3A7F1627B22A4D001FDB0A /* StickyTableViewTests */ = {
			isa = PBXNativeTarget;
			buildConfigurationList = 7D3A7F2E27B22A4D001FDB0A /* Build configuration list for PBXNativeTarget "StickyTableViewTests" */;
			buildPhases = (
				3E693BB153036E989096249B /* [CP] Check Pods Manifest.lock */,
				7D3A7F1327B22A4D001FDB0A /* Sources */,
				7D3A7F1427B22A4D001FDB0A /* Frameworks */,
				7D3A7F1527B22A4D001FDB0A /* Resources */,
			);
			buildRules = (
			);
			dependencies = (
				7D3A7F1927B22A4D001FDB0A /* PBXTargetDependency */,
			);
			name = StickyTableViewTests;
			productName = StickyTableViewTests;
			productReference = 7D3A7F1727B22A4D001FDB0A /* StickyTableViewTests.xctest */;
			productType = "com.apple.product-type.bundle.unit-test";
		};
		7D3A7F2027B22A4D001FDB0A /* StickyTableViewUITests */ = {
			isa = PBXNativeTarget;
			buildConfigurationList = 7D3A7F3127B22A4D001FDB0A /* Build configuration list for PBXNativeTarget "StickyTableViewUITests" */;
			buildPhases = (
				530960AF691BAACC8AF9F3D6 /* [CP] Check Pods Manifest.lock */,
				7D3A7F1D27B22A4D001FDB0A /* Sources */,
				7D3A7F1E27B22A4D001FDB0A /* Frameworks */,
				7D3A7F1F27B22A4D001FDB0A /* Resources */,
				78B098B790CA75C649A1BE04 /* [CP] Embed Pods Frameworks */,
			);
			buildRules = (
			);
			dependencies = (
				7D3A7F2327B22A4D001FDB0A /* PBXTargetDependency */,
			);
			name = StickyTableViewUITests;
			productName = StickyTableViewUITests;
			productReference = 7D3A7F2127B22A4D001FDB0A /* StickyTableViewUITests.xctest */;
			productType = "com.apple.product-type.bundle.ui-testing";
		};
/* End PBXNativeTarget section */

/* Begin PBXProject section */
		7D3A7EF927B22A4B001FDB0A /* Project object */ = {
			isa = PBXProject;
			attributes = {
				BuildIndependentTargetsInParallel = 1;
				LastSwiftUpdateCheck = 1310;
				LastUpgradeCheck = 1310;
				TargetAttributes = {
					7D3A7F0027B22A4B001FDB0A = {
						CreatedOnToolsVersion = 13.1;
					};
					7D3A7F1627B22A4D001FDB0A = {
						CreatedOnToolsVersion = 13.1;
						TestTargetID = 7D3A7F0027B22A4B001FDB0A;
					};
					7D3A7F2027B22A4D001FDB0A = {
						CreatedOnToolsVersion = 13.1;
						TestTargetID = 7D3A7F0027B22A4B001FDB0A;
					};
				};
			};
			buildConfigurationList = 7D3A7EFC27B22A4B001FDB0A /* Build configuration list for PBXProject "StickyTableView" */;
			compatibilityVersion = "Xcode 13.0";
			developmentRegion = en;
			hasScannedForEncodings = 0;
			knownRegions = (
				en,
				Base,
			);
			mainGroup = 7D3A7EF827B22A4B001FDB0A;
			productRefGroup = 7D3A7F0227B22A4B001FDB0A /* Products */;
			projectDirPath = "";
			projectRoot = "";
			targets = (
				7D3A7F0027B22A4B001FDB0A /* StickyTableView */,
				7D3A7F1627B22A4D001FDB0A /* StickyTableViewTests */,
				7D3A7F2027B22A4D001FDB0A /* StickyTableViewUITests */,
			);
		};
/* End PBXProject section */

/* Begin PBXResourcesBuildPhase section */
		7D3A7EFF27B22A4B001FDB0A /* Resources */ = {
			isa = PBXResourcesBuildPhase;
			buildActionMask = 2147483647;
			files = (
				7D3A7F1127B22A4D001FDB0A /* LaunchScreen.storyboard in Resources */,
				7D3A7F0E27B22A4D001FDB0A /* Assets.xcassets in Resources */,
				7D3A7F6127B24DBC001FDB0A /* data2.json in Resources */,
				7D3A7F5F27B24DB3001FDB0A /* data1.json in Resources */,
			);
			runOnlyForDeploymentPostprocessing = 0;
		};
		7D3A7F1527B22A4D001FDB0A /* Resources */ = {
			isa = PBXResourcesBuildPhase;
			buildActionMask = 2147483647;
			files = (
			);
			runOnlyForDeploymentPostprocessing = 0;
		};
		7D3A7F1F27B22A4D001FDB0A /* Resources */ = {
			isa = PBXResourcesBuildPhase;
			buildActionMask = 2147483647;
			files = (
			);
			runOnlyForDeploymentPostprocessing = 0;
		};
/* End PBXResourcesBuildPhase section */

/* Begin PBXShellScriptBuildPhase section */
		3E693BB153036E989096249B /* [CP] Check Pods Manifest.lock */ = {
			isa = PBXShellScriptBuildPhase;
			buildActionMask = 2147483647;
			files = (
			);
			inputFileListPaths = (
			);
			inputPaths = (
				"${PODS_PODFILE_DIR_PATH}/Podfile.lock",
				"${PODS_ROOT}/Manifest.lock",
			);
			name = "[CP] Check Pods Manifest.lock";
			outputFileListPaths = (
			);
			outputPaths = (
				"$(DERIVED_FILE_DIR)/Pods-StickyTableViewTests-checkManifestLockResult.txt",
			);
			runOnlyForDeploymentPostprocessing = 0;
			shellPath = /bin/sh;
			shellScript = "diff \"${PODS_PODFILE_DIR_PATH}/Podfile.lock\" \"${PODS_ROOT}/Manifest.lock\" > /dev/null\nif [ $? != 0 ] ; then\n    # print error to STDERR\n    echo \"error: The sandbox is not in sync with the Podfile.lock. Run 'pod install' or update your CocoaPods installation.\" >&2\n    exit 1\nfi\n# This output is used by Xcode 'outputs' to avoid re-running this script phase.\necho \"SUCCESS\" > \"${SCRIPT_OUTPUT_FILE_0}\"\n";
			showEnvVarsInLog = 0;
		};
		530960AF691BAACC8AF9F3D6 /* [CP] Check Pods Manifest.lock */ = {
			isa = PBXShellScriptBuildPhase;
			buildActionMask = 2147483647;
			files = (
			);
			inputFileListPaths = (
			);
			inputPaths = (
				"${PODS_PODFILE_DIR_PATH}/Podfile.lock",
				"${PODS_ROOT}/Manifest.lock",
			);
			name = "[CP] Check Pods Manifest.lock";
			outputFileListPaths = (
			);
			outputPaths = (
				"$(DERIVED_FILE_DIR)/Pods-StickyTableView-StickyTableViewUITests-checkManifestLockResult.txt",
			);
			runOnlyForDeploymentPostprocessing = 0;
			shellPath = /bin/sh;
			shellScript = "diff \"${PODS_PODFILE_DIR_PATH}/Podfile.lock\" \"${PODS_ROOT}/Manifest.lock\" > /dev/null\nif [ $? != 0 ] ; then\n    # print error to STDERR\n    echo \"error: The sandbox is not in sync with the Podfile.lock. Run 'pod install' or update your CocoaPods installation.\" >&2\n    exit 1\nfi\n# This output is used by Xcode 'outputs' to avoid re-running this script phase.\necho \"SUCCESS\" > \"${SCRIPT_OUTPUT_FILE_0}\"\n";
			showEnvVarsInLog = 0;
		};
		78B098B790CA75C649A1BE04 /* [CP] Embed Pods Frameworks */ = {
			isa = PBXShellScriptBuildPhase;
			buildActionMask = 2147483647;
			files = (
			);
			inputFileListPaths = (
				"${PODS_ROOT}/Target Support Files/Pods-StickyTableView-StickyTableViewUITests/Pods-StickyTableView-StickyTableViewUITests-frameworks-${CONFIGURATION}-input-files.xcfilelist",
			);
			name = "[CP] Embed Pods Frameworks";
			outputFileListPaths = (
				"${PODS_ROOT}/Target Support Files/Pods-StickyTableView-StickyTableViewUITests/Pods-StickyTableView-StickyTableViewUITests-frameworks-${CONFIGURATION}-output-files.xcfilelist",
			);
			runOnlyForDeploymentPostprocessing = 0;
			shellPath = /bin/sh;
			shellScript = "\"${PODS_ROOT}/Target Support Files/Pods-StickyTableView-StickyTableViewUITests/Pods-StickyTableView-StickyTableViewUITests-frameworks.sh\"\n";
			showEnvVarsInLog = 0;
		};
		81E5E31B1A309E6FCB3864B9 /* [CP] Embed Pods Frameworks */ = {
			isa = PBXShellScriptBuildPhase;
			buildActionMask = 2147483647;
			files = (
			);
			inputFileListPaths = (
				"${PODS_ROOT}/Target Support Files/Pods-StickyTableView/Pods-StickyTableView-frameworks-${CONFIGURATION}-input-files.xcfilelist",
			);
			name = "[CP] Embed Pods Frameworks";
			outputFileListPaths = (
				"${PODS_ROOT}/Target Support Files/Pods-StickyTableView/Pods-StickyTableView-frameworks-${CONFIGURATION}-output-files.xcfilelist",
			);
			runOnlyForDeploymentPostprocessing = 0;
			shellPath = /bin/sh;
			shellScript = "\"${PODS_ROOT}/Target Support Files/Pods-StickyTableView/Pods-StickyTableView-frameworks.sh\"\n";
			showEnvVarsInLog = 0;
		};
		EF9B2EF60D494DA5876481A9 /* [CP] Check Pods Manifest.lock */ = {
			isa = PBXShellScriptBuildPhase;
			buildActionMask = 2147483647;
			files = (
			);
			inputFileListPaths = (
			);
			inputPaths = (
				"${PODS_PODFILE_DIR_PATH}/Podfile.lock",
				"${PODS_ROOT}/Manifest.lock",
			);
			name = "[CP] Check Pods Manifest.lock";
			outputFileListPaths = (
			);
			outputPaths = (
				"$(DERIVED_FILE_DIR)/Pods-StickyTableView-checkManifestLockResult.txt",
			);
			runOnlyForDeploymentPostprocessing = 0;
			shellPath = /bin/sh;
			shellScript = "diff \"${PODS_PODFILE_DIR_PATH}/Podfile.lock\" \"${PODS_ROOT}/Manifest.lock\" > /dev/null\nif [ $? != 0 ] ; then\n    # print error to STDERR\n    echo \"error: The sandbox is not in sync with the Podfile.lock. Run 'pod install' or update your CocoaPods installation.\" >&2\n    exit 1\nfi\n# This output is used by Xcode 'outputs' to avoid re-running this script phase.\necho \"SUCCESS\" > \"${SCRIPT_OUTPUT_FILE_0}\"\n";
			showEnvVarsInLog = 0;
		};
/* End PBXShellScriptBuildPhase section */

/* Begin PBXSourcesBuildPhase section */
		7D3A7EFD27B22A4B001FDB0A /* Sources */ = {
			isa = PBXSourcesBuildPhase;
			buildActionMask = 2147483647;
			files = (
				7D3A7F3A27B22AD9001FDB0A /* Section.swift in Sources */,
				7D3A7F5727B24C00001FDB0A /* PersonTableViewCell.swift in Sources */,
				7D3A7F5127B24655001FDB0A /* UITableView+Identifiable.swift in Sources */,
				7D3A7F5527B24783001FDB0A /* StandardTableViewCell.swift in Sources */,
				7D3A7F3827B22AD0001FDB0A /* Row.swift in Sources */,
				7D3A7F4A27B238EB001FDB0A /* StickyTableView.swift in Sources */,
				7D3A7F4D27B245AE001FDB0A /* ClassIdentifiable.swift in Sources */,
				7D3A7F4227B22E85001FDB0A /* TableViewController.swift in Sources */,
				7D3A7F3E27B22E35001FDB0A /* IndexPath+Extensions.swift in Sources */,
				7D3A7F4027B22E3E001FDB0A /* UITableViewCell+Extensions.swift in Sources */,
				7D3A7F3627B22AA8001FDB0A /* CellType.swift in Sources */,
				7D3A7F5327B24770001FDB0A /* StickyTableViewCell.swift in Sources */,
				7D3A7F0527B22A4B001FDB0A /* AppDelegate.swift in Sources */,
			);
			runOnlyForDeploymentPostprocessing = 0;
		};
		7D3A7F1327B22A4D001FDB0A /* Sources */ = {
			isa = PBXSourcesBuildPhase;
			buildActionMask = 2147483647;
			files = (
				7D3A7F1C27B22A4D001FDB0A /* StickyTableViewTests.swift in Sources */,
			);
			runOnlyForDeploymentPostprocessing = 0;
		};
		7D3A7F1D27B22A4D001FDB0A /* Sources */ = {
			isa = PBXSourcesBuildPhase;
			buildActionMask = 2147483647;
			files = (
				7D3A7F2627B22A4D001FDB0A /* StickyTableViewUITests.swift in Sources */,
				7D3A7F2827B22A4D001FDB0A /* StickyTableViewUITestsLaunchTests.swift in Sources */,
			);
			runOnlyForDeploymentPostprocessing = 0;
		};
/* End PBXSourcesBuildPhase section */

/* Begin PBXTargetDependency section */
		7D3A7F1927B22A4D001FDB0A /* PBXTargetDependency */ = {
			isa = PBXTargetDependency;
			target = 7D3A7F0027B22A4B001FDB0A /* StickyTableView */;
			targetProxy = 7D3A7F1827B22A4D001FDB0A /* PBXContainerItemProxy */;
		};
		7D3A7F2327B22A4D001FDB0A /* PBXTargetDependency */ = {
			isa = PBXTargetDependency;
			target = 7D3A7F0027B22A4B001FDB0A /* StickyTableView */;
			targetProxy = 7D3A7F2227B22A4D001FDB0A /* PBXContainerItemProxy */;
		};
/* End PBXTargetDependency section */

/* Begin PBXVariantGroup section */
		7D3A7F0F27B22A4D001FDB0A /* LaunchScreen.storyboard */ = {
			isa = PBXVariantGroup;
			children = (
				7D3A7F1027B22A4D001FDB0A /* Base */,
			);
			name = LaunchScreen.storyboard;
			sourceTree = "<group>";
		};
/* End PBXVariantGroup section */

/* Begin XCBuildConfiguration section */
		7D3A7F2927B22A4D001FDB0A /* Debug */ = {
			isa = XCBuildConfiguration;
			buildSettings = {
				ALWAYS_SEARCH_USER_PATHS = NO;
				CLANG_ANALYZER_NONNULL = YES;
				CLANG_ANALYZER_NUMBER_OBJECT_CONVERSION = YES_AGGRESSIVE;
				CLANG_CXX_LANGUAGE_STANDARD = "gnu++17";
				CLANG_CXX_LIBRARY = "libc++";
				CLANG_ENABLE_MODULES = YES;
				CLANG_ENABLE_OBJC_ARC = YES;
				CLANG_ENABLE_OBJC_WEAK = YES;
				CLANG_WARN_BLOCK_CAPTURE_AUTORELEASING = YES;
				CLANG_WARN_BOOL_CONVERSION = YES;
				CLANG_WARN_COMMA = YES;
				CLANG_WARN_CONSTANT_CONVERSION = YES;
				CLANG_WARN_DEPRECATED_OBJC_IMPLEMENTATIONS = YES;
				CLANG_WARN_DIRECT_OBJC_ISA_USAGE = YES_ERROR;
				CLANG_WARN_DOCUMENTATION_COMMENTS = YES;
				CLANG_WARN_EMPTY_BODY = YES;
				CLANG_WARN_ENUM_CONVERSION = YES;
				CLANG_WARN_INFINITE_RECURSION = YES;
				CLANG_WARN_INT_CONVERSION = YES;
				CLANG_WARN_NON_LITERAL_NULL_CONVERSION = YES;
				CLANG_WARN_OBJC_IMPLICIT_RETAIN_SELF = YES;
				CLANG_WARN_OBJC_LITERAL_CONVERSION = YES;
				CLANG_WARN_OBJC_ROOT_CLASS = YES_ERROR;
				CLANG_WARN_QUOTED_INCLUDE_IN_FRAMEWORK_HEADER = YES;
				CLANG_WARN_RANGE_LOOP_ANALYSIS = YES;
				CLANG_WARN_STRICT_PROTOTYPES = YES;
				CLANG_WARN_SUSPICIOUS_MOVE = YES;
				CLANG_WARN_UNGUARDED_AVAILABILITY = YES_AGGRESSIVE;
				CLANG_WARN_UNREACHABLE_CODE = YES;
				CLANG_WARN__DUPLICATE_METHOD_MATCH = YES;
				COPY_PHASE_STRIP = NO;
				DEBUG_INFORMATION_FORMAT = dwarf;
				ENABLE_STRICT_OBJC_MSGSEND = YES;
				ENABLE_TESTABILITY = YES;
				GCC_C_LANGUAGE_STANDARD = gnu11;
				GCC_DYNAMIC_NO_PIC = NO;
				GCC_NO_COMMON_BLOCKS = YES;
				GCC_OPTIMIZATION_LEVEL = 0;
				GCC_PREPROCESSOR_DEFINITIONS = (
					"DEBUG=1",
					"$(inherited)",
				);
				GCC_WARN_64_TO_32_BIT_CONVERSION = YES;
				GCC_WARN_ABOUT_RETURN_TYPE = YES_ERROR;
				GCC_WARN_UNDECLARED_SELECTOR = YES;
				GCC_WARN_UNINITIALIZED_AUTOS = YES_AGGRESSIVE;
				GCC_WARN_UNUSED_FUNCTION = YES;
				GCC_WARN_UNUSED_VARIABLE = YES;
				IPHONEOS_DEPLOYMENT_TARGET = 15.0;
				MTL_ENABLE_DEBUG_INFO = INCLUDE_SOURCE;
				MTL_FAST_MATH = YES;
				ONLY_ACTIVE_ARCH = YES;
				SDKROOT = iphoneos;
				SWIFT_ACTIVE_COMPILATION_CONDITIONS = DEBUG;
				SWIFT_OPTIMIZATION_LEVEL = "-Onone";
			};
			name = Debug;
		};
		7D3A7F2A27B22A4D001FDB0A /* Release */ = {
			isa = XCBuildConfiguration;
			buildSettings = {
				ALWAYS_SEARCH_USER_PATHS = NO;
				CLANG_ANALYZER_NONNULL = YES;
				CLANG_ANALYZER_NUMBER_OBJECT_CONVERSION = YES_AGGRESSIVE;
				CLANG_CXX_LANGUAGE_STANDARD = "gnu++17";
				CLANG_CXX_LIBRARY = "libc++";
				CLANG_ENABLE_MODULES = YES;
				CLANG_ENABLE_OBJC_ARC = YES;
				CLANG_ENABLE_OBJC_WEAK = YES;
				CLANG_WARN_BLOCK_CAPTURE_AUTORELEASING = YES;
				CLANG_WARN_BOOL_CONVERSION = YES;
				CLANG_WARN_COMMA = YES;
				CLANG_WARN_CONSTANT_CONVERSION = YES;
				CLANG_WARN_DEPRECATED_OBJC_IMPLEMENTATIONS = YES;
				CLANG_WARN_DIRECT_OBJC_ISA_USAGE = YES_ERROR;
				CLANG_WARN_DOCUMENTATION_COMMENTS = YES;
				CLANG_WARN_EMPTY_BODY = YES;
				CLANG_WARN_ENUM_CONVERSION = YES;
				CLANG_WARN_INFINITE_RECURSION = YES;
				CLANG_WARN_INT_CONVERSION = YES;
				CLANG_WARN_NON_LITERAL_NULL_CONVERSION = YES;
				CLANG_WARN_OBJC_IMPLICIT_RETAIN_SELF = YES;
				CLANG_WARN_OBJC_LITERAL_CONVERSION = YES;
				CLANG_WARN_OBJC_ROOT_CLASS = YES_ERROR;
				CLANG_WARN_QUOTED_INCLUDE_IN_FRAMEWORK_HEADER = YES;
				CLANG_WARN_RANGE_LOOP_ANALYSIS = YES;
				CLANG_WARN_STRICT_PROTOTYPES = YES;
				CLANG_WARN_SUSPICIOUS_MOVE = YES;
				CLANG_WARN_UNGUARDED_AVAILABILITY = YES_AGGRESSIVE;
				CLANG_WARN_UNREACHABLE_CODE = YES;
				CLANG_WARN__DUPLICATE_METHOD_MATCH = YES;
				COPY_PHASE_STRIP = NO;
				DEBUG_INFORMATION_FORMAT = "dwarf-with-dsym";
				ENABLE_NS_ASSERTIONS = NO;
				ENABLE_STRICT_OBJC_MSGSEND = YES;
				GCC_C_LANGUAGE_STANDARD = gnu11;
				GCC_NO_COMMON_BLOCKS = YES;
				GCC_WARN_64_TO_32_BIT_CONVERSION = YES;
				GCC_WARN_ABOUT_RETURN_TYPE = YES_ERROR;
				GCC_WARN_UNDECLARED_SELECTOR = YES;
				GCC_WARN_UNINITIALIZED_AUTOS = YES_AGGRESSIVE;
				GCC_WARN_UNUSED_FUNCTION = YES;
				GCC_WARN_UNUSED_VARIABLE = YES;
				IPHONEOS_DEPLOYMENT_TARGET = 15.0;
				MTL_ENABLE_DEBUG_INFO = NO;
				MTL_FAST_MATH = YES;
				SDKROOT = iphoneos;
				SWIFT_COMPILATION_MODE = wholemodule;
				SWIFT_OPTIMIZATION_LEVEL = "-O";
				VALIDATE_PRODUCT = YES;
			};
			name = Release;
		};
		7D3A7F2C27B22A4D001FDB0A /* Debug */ = {
			isa = XCBuildConfiguration;
			baseConfigurationReference = 37C5854B0689528DC7E25A44 /* Pods-StickyTableView.debug.xcconfig */;
			buildSettings = {
				ASSETCATALOG_COMPILER_APPICON_NAME = AppIcon;
				ASSETCATALOG_COMPILER_GLOBAL_ACCENT_COLOR_NAME = AccentColor;
				CODE_SIGN_STYLE = Automatic;
				CURRENT_PROJECT_VERSION = 1;
				DEVELOPMENT_TEAM = JH6HFBQXT6;
				GENERATE_INFOPLIST_FILE = YES;
				INFOPLIST_FILE = StickyTableView/Info.plist;
				INFOPLIST_KEY_UIApplicationSupportsIndirectInputEvents = YES;
				INFOPLIST_KEY_UILaunchStoryboardName = LaunchScreen;
				INFOPLIST_KEY_UISupportedInterfaceOrientations_iPad = "UIInterfaceOrientationPortrait UIInterfaceOrientationPortraitUpsideDown UIInterfaceOrientationLandscapeLeft UIInterfaceOrientationLandscapeRight";
				INFOPLIST_KEY_UISupportedInterfaceOrientations_iPhone = "UIInterfaceOrientationPortrait UIInterfaceOrientationLandscapeLeft UIInterfaceOrientationLandscapeRight";
				LD_RUNPATH_SEARCH_PATHS = (
					"$(inherited)",
					"@executable_path/Frameworks",
				);
				MARKETING_VERSION = 1.0;
				PRODUCT_BUNDLE_IDENTIFIER = miiiiiin..StickyTableView;
				PRODUCT_NAME = "$(TARGET_NAME)";
				SWIFT_EMIT_LOC_STRINGS = YES;
				SWIFT_VERSION = 5.0;
				TARGETED_DEVICE_FAMILY = "1,2";
			};
			name = Debug;
		};
		7D3A7F2D27B22A4D001FDB0A /* Release */ = {
			isa = XCBuildConfiguration;
			baseConfigurationReference = BF1CDD1FA00AC2573FDF4A64 /* Pods-StickyTableView.release.xcconfig */;
			buildSettings = {
				ASSETCATALOG_COMPILER_APPICON_NAME = AppIcon;
				ASSETCATALOG_COMPILER_GLOBAL_ACCENT_COLOR_NAME = AccentColor;
				CODE_SIGN_STYLE = Automatic;
				CURRENT_PROJECT_VERSION = 1;
				DEVELOPMENT_TEAM = JH6HFBQXT6;
				GENERATE_INFOPLIST_FILE = YES;
				INFOPLIST_FILE = StickyTableView/Info.plist;
				INFOPLIST_KEY_UIApplicationSupportsIndirectInputEvents = YES;
				INFOPLIST_KEY_UILaunchStoryboardName = LaunchScreen;
				INFOPLIST_KEY_UISupportedInterfaceOrientations_iPad = "UIInterfaceOrientationPortrait UIInterfaceOrientationPortraitUpsideDown UIInterfaceOrientationLandscapeLeft UIInterfaceOrientationLandscapeRight";
				INFOPLIST_KEY_UISupportedInterfaceOrientations_iPhone = "UIInterfaceOrientationPortrait UIInterfaceOrientationLandscapeLeft UIInterfaceOrientationLandscapeRight";
				LD_RUNPATH_SEARCH_PATHS = (
					"$(inherited)",
					"@executable_path/Frameworks",
				);
				MARKETING_VERSION = 1.0;
				PRODUCT_BUNDLE_IDENTIFIER = miiiiiin..StickyTableView;
				PRODUCT_NAME = "$(TARGET_NAME)";
				SWIFT_EMIT_LOC_STRINGS = YES;
				SWIFT_VERSION = 5.0;
				TARGETED_DEVICE_FAMILY = "1,2";
			};
			name = Release;
		};
		7D3A7F2F27B22A4D001FDB0A /* Debug */ = {
			isa = XCBuildConfiguration;
			baseConfigurationReference = 6D6880FF44DC11821E03769C /* Pods-StickyTableViewTests.debug.xcconfig */;
			buildSettings = {
				ALWAYS_EMBED_SWIFT_STANDARD_LIBRARIES = YES;
				BUNDLE_LOADER = "$(TEST_HOST)";
				CODE_SIGN_STYLE = Automatic;
				CURRENT_PROJECT_VERSION = 1;
				DEVELOPMENT_TEAM = JH6HFBQXT6;
				GENERATE_INFOPLIST_FILE = YES;
				IPHONEOS_DEPLOYMENT_TARGET = 15.0;
				LD_RUNPATH_SEARCH_PATHS = (
					"$(inherited)",
					"@executable_path/Frameworks",
					"@loader_path/Frameworks",
				);
				MARKETING_VERSION = 1.0;
				PRODUCT_BUNDLE_IDENTIFIER = miiiiiin..StickyTableViewTests;
				PRODUCT_NAME = "$(TARGET_NAME)";
				SWIFT_EMIT_LOC_STRINGS = NO;
				SWIFT_VERSION = 5.0;
				TARGETED_DEVICE_FAMILY = "1,2";
				TEST_HOST = "$(BUILT_PRODUCTS_DIR)/StickyTableView.app/StickyTableView";
			};
			name = Debug;
		};
		7D3A7F3027B22A4D001FDB0A /* Release */ = {
			isa = XCBuildConfiguration;
			baseConfigurationReference = 9BF92925B93A65D1E3021953 /* Pods-StickyTableViewTests.release.xcconfig */;
			buildSettings = {
				ALWAYS_EMBED_SWIFT_STANDARD_LIBRARIES = YES;
				BUNDLE_LOADER = "$(TEST_HOST)";
				CODE_SIGN_STYLE = Automatic;
				CURRENT_PROJECT_VERSION = 1;
				DEVELOPMENT_TEAM = JH6HFBQXT6;
				GENERATE_INFOPLIST_FILE = YES;
				IPHONEOS_DEPLOYMENT_TARGET = 15.0;
				LD_RUNPATH_SEARCH_PATHS = (
					"$(inherited)",
					"@executable_path/Frameworks",
					"@loader_path/Frameworks",
				);
				MARKETING_VERSION = 1.0;
				PRODUCT_BUNDLE_IDENTIFIER = miiiiiin..StickyTableViewTests;
				PRODUCT_NAME = "$(TARGET_NAME)";
				SWIFT_EMIT_LOC_STRINGS = NO;
				SWIFT_VERSION = 5.0;
				TARGETED_DEVICE_FAMILY = "1,2";
				TEST_HOST = "$(BUILT_PRODUCTS_DIR)/StickyTableView.app/StickyTableView";
			};
			name = Release;
		};
		7D3A7F3227B22A4D001FDB0A /* Debug */ = {
			isa = XCBuildConfiguration;
			baseConfigurationReference = D168883695E5A41E9AEA7AB9 /* Pods-StickyTableView-StickyTableViewUITests.debug.xcconfig */;
			buildSettings = {
				ALWAYS_EMBED_SWIFT_STANDARD_LIBRARIES = YES;
				CODE_SIGN_STYLE = Automatic;
				CURRENT_PROJECT_VERSION = 1;
				DEVELOPMENT_TEAM = JH6HFBQXT6;
				GENERATE_INFOPLIST_FILE = YES;
				LD_RUNPATH_SEARCH_PATHS = (
					"$(inherited)",
					"@executable_path/Frameworks",
					"@loader_path/Frameworks",
				);
				MARKETING_VERSION = 1.0;
				PRODUCT_BUNDLE_IDENTIFIER = miiiiiin..StickyTableViewUITests;
				PRODUCT_NAME = "$(TARGET_NAME)";
				SWIFT_EMIT_LOC_STRINGS = NO;
				SWIFT_VERSION = 5.0;
				TARGETED_DEVICE_FAMILY = "1,2";
				TEST_TARGET_NAME = StickyTableView;
			};
			name = Debug;
		};
		7D3A7F3327B22A4D001FDB0A /* Release */ = {
			isa = XCBuildConfiguration;
			baseConfigurationReference = 4BC230F48A5475AA6EC485A6 /* Pods-StickyTableView-StickyTableViewUITests.release.xcconfig */;
			buildSettings = {
				ALWAYS_EMBED_SWIFT_STANDARD_LIBRARIES = YES;
				CODE_SIGN_STYLE = Automatic;
				CURRENT_PROJECT_VERSION = 1;
				DEVELOPMENT_TEAM = JH6HFBQXT6;
				GENERATE_INFOPLIST_FILE = YES;
				LD_RUNPATH_SEARCH_PATHS = (
					"$(inherited)",
					"@executable_path/Frameworks",
					"@loader_path/Frameworks",
				);
				MARKETING_VERSION = 1.0;
				PRODUCT_BUNDLE_IDENTIFIER = miiiiiin..StickyTableViewUITests;
				PRODUCT_NAME = "$(TARGET_NAME)";
				SWIFT_EMIT_LOC_STRINGS = NO;
				SWIFT_VERSION = 5.0;
				TARGETED_DEVICE_FAMILY = "1,2";
				TEST_TARGET_NAME = StickyTableView;
			};
			name = Release;
		};
/* End XCBuildConfiguration section */

/* Begin XCConfigurationList section */
		7D3A7EFC27B22A4B001FDB0A /* Build configuration list for PBXProject "StickyTableView" */ = {
			isa = XCConfigurationList;
			buildConfigurations = (
				7D3A7F2927B22A4D001FDB0A /* Debug */,
				7D3A7F2A27B22A4D001FDB0A /* Release */,
			);
			defaultConfigurationIsVisible = 0;
			defaultConfigurationName = Release;
		};
		7D3A7F2B27B22A4D001FDB0A /* Build configuration list for PBXNativeTarget "StickyTableView" */ = {
			isa = XCConfigurationList;
			buildConfigurations = (
				7D3A7F2C27B22A4D001FDB0A /* Debug */,
				7D3A7F2D27B22A4D001FDB0A /* Release */,
			);
			defaultConfigurationIsVisible = 0;
			defaultConfigurationName = Release;
		};
		7D3A7F2E27B22A4D001FDB0A /* Build configuration list for PBXNativeTarget "StickyTableViewTests" */ = {
			isa = XCConfigurationList;
			buildConfigurations = (
				7D3A7F2F27B22A4D001FDB0A /* Debug */,
				7D3A7F3027B22A4D001FDB0A /* Release */,
			);
			defaultConfigurationIsVisible = 0;
			defaultConfigurationName = Release;
		};
		7D3A7F3127B22A4D001FDB0A /* Build configuration list for PBXNativeTarget "StickyTableViewUITests" */ = {
			isa = XCConfigurationList;
			buildConfigurations = (
				7D3A7F3227B22A4D001FDB0A /* Debug */,
				7D3A7F3327B22A4D001FDB0A /* Release */,
			);
			defaultConfigurationIsVisible = 0;
			defaultConfigurationName = Release;
		};
/* End XCConfigurationList section */
	};
	rootObject = 7D3A7EF927B22A4B001FDB0A /* Project object */;
}
