// !$*UTF8*$!
{
	archiveVersion = 1;
	classes = {
	};
	objectVersion = 50;
	objects = {

/* Begin PBXBuildFile section */
		7D5CF26126C4DE1C00E530D6 /* DayOfWeekView.xib in Resources */ = {isa = PBXBuildFile; fileRef = 7D5CF26026C4DE1C00E530D6 /* DayOfWeekView.xib */; };
		7D5CF26326C4DFDE00E530D6 /* DayOfWeekCell.xib in Resources */ = {isa = PBXBuildFile; fileRef = 7D5CF26226C4DFDE00E530D6 /* DayOfWeekCell.xib */; };
		7D5CF26526C4DFE900E530D6 /* DayOfWeekCell.swift in Sources */ = {isa = PBXBuildFile; fileRef = 7D5CF26426C4DFE900E530D6 /* DayOfWeekCell.swift */; };
		7D5CF26726C4E17100E530D6 /* DayOfWeekVerticalContainerCell.swift in Sources */ = {isa = PBXBuildFile; fileRef = 7D5CF26626C4E17100E530D6 /* DayOfWeekVerticalContainerCell.swift */; };
		7D5CF26926C4E19700E530D6 /* DayOfWeekVerticalContainerCell.xib in Resources */ = {isa = PBXBuildFile; fileRef = 7D5CF26826C4E19700E530D6 /* DayOfWeekVerticalContainerCell.xib */; };
		7D5CF26B26C4E3F300E530D6 /* Extensions+UICollectionView.swift in Sources */ = {isa = PBXBuildFile; fileRef = 7D5CF26A26C4E3F300E530D6 /* Extensions+UICollectionView.swift */; };
		7D5CF26D26C4E42700E530D6 /* NibForName.swift in Sources */ = {isa = PBXBuildFile; fileRef = 7D5CF26C26C4E42700E530D6 /* NibForName.swift */; };
		7D5CF27126C4E8FD00E530D6 /* DayOfWeek.swift in Sources */ = {isa = PBXBuildFile; fileRef = 7D5CF27026C4E8FD00E530D6 /* DayOfWeek.swift */; };
		7D5CF27326C4E9A500E530D6 /* WeatherDay.swift in Sources */ = {isa = PBXBuildFile; fileRef = 7D5CF27226C4E9A500E530D6 /* WeatherDay.swift */; };
		7D5CF27526C4EAA100E530D6 /* IdentifiableType.swift in Sources */ = {isa = PBXBuildFile; fileRef = 7D5CF27426C4EAA100E530D6 /* IdentifiableType.swift */; };
		7D5CF27826C4ECE700E530D6 /* CustomLayout.swift in Sources */ = {isa = PBXBuildFile; fileRef = 7D5CF27726C4ECE700E530D6 /* CustomLayout.swift */; };
		7D5CF27B26C4EDD500E530D6 /* UICollectionViewDelegateLayoutAttribute.swift in Sources */ = {isa = PBXBuildFile; fileRef = 7D5CF27A26C4EDD500E530D6 /* UICollectionViewDelegateLayoutAttribute.swift */; };
		7D5CF27D26C4EE4200E530D6 /* StickyLayoutAttributes.swift in Sources */ = {isa = PBXBuildFile; fileRef = 7D5CF27C26C4EE4200E530D6 /* StickyLayoutAttributes.swift */; };
		7D5CF27F26C4F2DF00E530D6 /* OverlayAlphaLayoutAttributes.swift in Sources */ = {isa = PBXBuildFile; fileRef = 7D5CF27E26C4F2DF00E530D6 /* OverlayAlphaLayoutAttributes.swift */; };
		7D5CF28126C4F56000E530D6 /* NibLoadable.swift in Sources */ = {isa = PBXBuildFile; fileRef = 7D5CF28026C4F56000E530D6 /* NibLoadable.swift */; };
		7D70901726C4C71300C6E9C2 /* AppDelegate.swift in Sources */ = {isa = PBXBuildFile; fileRef = 7D70901626C4C71300C6E9C2 /* AppDelegate.swift */; };
		7D70901926C4C71300C6E9C2 /* SceneDelegate.swift in Sources */ = {isa = PBXBuildFile; fileRef = 7D70901826C4C71300C6E9C2 /* SceneDelegate.swift */; };
		7D70901B26C4C71300C6E9C2 /* ViewController.swift in Sources */ = {isa = PBXBuildFile; fileRef = 7D70901A26C4C71300C6E9C2 /* ViewController.swift */; };
		7D70902026C4C71500C6E9C2 /* Assets.xcassets in Resources */ = {isa = PBXBuildFile; fileRef = 7D70901F26C4C71500C6E9C2 /* Assets.xcassets */; };
		7D70902326C4C71500C6E9C2 /* LaunchScreen.storyboard in Resources */ = {isa = PBXBuildFile; fileRef = 7D70902126C4C71500C6E9C2 /* LaunchScreen.storyboard */; };
		7D70902E26C4C71500C6E9C2 /* StreetchHeaderTests.swift in Sources */ = {isa = PBXBuildFile; fileRef = 7D70902D26C4C71500C6E9C2 /* StreetchHeaderTests.swift */; };
		7D70903926C4C71500C6E9C2 /* StreetchHeaderUITests.swift in Sources */ = {isa = PBXBuildFile; fileRef = 7D70903826C4C71500C6E9C2 /* StreetchHeaderUITests.swift */; };
		7D70904726C4C93000C6E9C2 /* Main.storyboard in Resources */ = {isa = PBXBuildFile; fileRef = 7D70904626C4C93000C6E9C2 /* Main.storyboard */; };
		7D70904A26C4C9AC00C6E9C2 /* Theme.swift in Sources */ = {isa = PBXBuildFile; fileRef = 7D70904926C4C9AC00C6E9C2 /* Theme.swift */; };
		7D70905326C4CCF200C6E9C2 /* DayOfWeekView.swift in Sources */ = {isa = PBXBuildFile; fileRef = 7D70905226C4CCF200C6E9C2 /* DayOfWeekView.swift */; };
/* End PBXBuildFile section */

/* Begin PBXContainerItemProxy section */
		7D70902A26C4C71500C6E9C2 /* PBXContainerItemProxy */ = {
			isa = PBXContainerItemProxy;
			containerPortal = 7D70900B26C4C71300C6E9C2 /* Project object */;
			proxyType = 1;
			remoteGlobalIDString = 7D70901226C4C71300C6E9C2;
			remoteInfo = StreetchHeader;
		};
		7D70903526C4C71500C6E9C2 /* PBXContainerItemProxy */ = {
			isa = PBXContainerItemProxy;
			containerPortal = 7D70900B26C4C71300C6E9C2 /* Project object */;
			proxyType = 1;
			remoteGlobalIDString = 7D70901226C4C71300C6E9C2;
			remoteInfo = StreetchHeader;
		};
/* End PBXContainerItemProxy section */

/* Begin PBXFileReference section */
		7D5CF26026C4DE1C00E530D6 /* DayOfWeekView.xib */ = {isa = PBXFileReference; lastKnownFileType = file.xib; path = DayOfWeekView.xib; sourceTree = "<group>"; };
		7D5CF26226C4DFDE00E530D6 /* DayOfWeekCell.xib */ = {isa = PBXFileReference; lastKnownFileType = file.xib; path = DayOfWeekCell.xib; sourceTree = "<group>"; };
		7D5CF26426C4DFE900E530D6 /* DayOfWeekCell.swift */ = {isa = PBXFileReference; lastKnownFileType = sourcecode.swift; path = DayOfWeekCell.swift; sourceTree = "<group>"; };
		7D5CF26626C4E17100E530D6 /* DayOfWeekVerticalContainerCell.swift */ = {isa = PBXFileReference; lastKnownFileType = sourcecode.swift; path = DayOfWeekVerticalContainerCell.swift; sourceTree = "<group>"; };
		7D5CF26826C4E19700E530D6 /* DayOfWeekVerticalContainerCell.xib */ = {isa = PBXFileReference; lastKnownFileType = file.xib; path = DayOfWeekVerticalContainerCell.xib; sourceTree = "<group>"; };
		7D5CF26A26C4E3F300E530D6 /* Extensions+UICollectionView.swift */ = {isa = PBXFileReference; lastKnownFileType = sourcecode.swift; path = "Extensions+UICollectionView.swift"; sourceTree = "<group>"; };
		7D5CF26C26C4E42700E530D6 /* NibForName.swift */ = {isa = PBXFileReference; lastKnownFileType = sourcecode.swift; path = NibForName.swift; sourceTree = "<group>"; };
		7D5CF27026C4E8FD00E530D6 /* DayOfWeek.swift */ = {isa = PBXFileReference; lastKnownFileType = sourcecode.swift; path = DayOfWeek.swift; sourceTree = "<group>"; };
		7D5CF27226C4E9A500E530D6 /* WeatherDay.swift */ = {isa = PBXFileReference; lastKnownFileType = sourcecode.swift; path = WeatherDay.swift; sourceTree = "<group>"; };
		7D5CF27426C4EAA100E530D6 /* IdentifiableType.swift */ = {isa = PBXFileReference; lastKnownFileType = sourcecode.swift; path = IdentifiableType.swift; sourceTree = "<group>"; };
		7D5CF27726C4ECE700E530D6 /* CustomLayout.swift */ = {isa = PBXFileReference; lastKnownFileType = sourcecode.swift; path = CustomLayout.swift; sourceTree = "<group>"; };
		7D5CF27A26C4EDD500E530D6 /* UICollectionViewDelegateLayoutAttribute.swift */ = {isa = PBXFileReference; lastKnownFileType = sourcecode.swift; path = UICollectionViewDelegateLayoutAttribute.swift; sourceTree = "<group>"; };
		7D5CF27C26C4EE4200E530D6 /* StickyLayoutAttributes.swift */ = {isa = PBXFileReference; lastKnownFileType = sourcecode.swift; path = StickyLayoutAttributes.swift; sourceTree = "<group>"; };
		7D5CF27E26C4F2DF00E530D6 /* OverlayAlphaLayoutAttributes.swift */ = {isa = PBXFileReference; lastKnownFileType = sourcecode.swift; path = OverlayAlphaLayoutAttributes.swift; sourceTree = "<group>"; };
		7D5CF28026C4F56000E530D6 /* NibLoadable.swift */ = {isa = PBXFileReference; lastKnownFileType = sourcecode.swift; path = NibLoadable.swift; sourceTree = "<group>"; };
		7D70901326C4C71300C6E9C2 /* StreetchHeader.app */ = {isa = PBXFileReference; explicitFileType = wrapper.application; includeInIndex = 0; path = StreetchHeader.app; sourceTree = BUILT_PRODUCTS_DIR; };
		7D70901626C4C71300C6E9C2 /* AppDelegate.swift */ = {isa = PBXFileReference; lastKnownFileType = sourcecode.swift; path = AppDelegate.swift; sourceTree = "<group>"; };
		7D70901826C4C71300C6E9C2 /* SceneDelegate.swift */ = {isa = PBXFileReference; lastKnownFileType = sourcecode.swift; path = SceneDelegate.swift; sourceTree = "<group>"; };
		7D70901A26C4C71300C6E9C2 /* ViewController.swift */ = {isa = PBXFileReference; lastKnownFileType = sourcecode.swift; path = ViewController.swift; sourceTree = "<group>"; };
		7D70901F26C4C71500C6E9C2 /* Assets.xcassets */ = {isa = PBXFileReference; lastKnownFileType = folder.assetcatalog; path = Assets.xcassets; sourceTree = "<group>"; };
		7D70902226C4C71500C6E9C2 /* Base */ = {isa = PBXFileReference; lastKnownFileType = file.storyboard; name = Base; path = Base.lproj/LaunchScreen.storyboard; sourceTree = "<group>"; };
		7D70902426C4C71500C6E9C2 /* Info.plist */ = {isa = PBXFileReference; lastKnownFileType = text.plist.xml; path = Info.plist; sourceTree = "<group>"; };
		7D70902926C4C71500C6E9C2 /* StreetchHeaderTests.xctest */ = {isa = PBXFileReference; explicitFileType = wrapper.cfbundle; includeInIndex = 0; path = StreetchHeaderTests.xctest; sourceTree = BUILT_PRODUCTS_DIR; };
		7D70902D26C4C71500C6E9C2 /* StreetchHeaderTests.swift */ = {isa = PBXFileReference; lastKnownFileType = sourcecode.swift; path = StreetchHeaderTests.swift; sourceTree = "<group>"; };
		7D70902F26C4C71500C6E9C2 /* Info.plist */ = {isa = PBXFileReference; lastKnownFileType = text.plist.xml; path = Info.plist; sourceTree = "<group>"; };
		7D70903426C4C71500C6E9C2 /* StreetchHeaderUITests.xctest */ = {isa = PBXFileReference; explicitFileType = wrapper.cfbundle; includeInIndex = 0; path = StreetchHeaderUITests.xctest; sourceTree = BUILT_PRODUCTS_DIR; };
		7D70903826C4C71500C6E9C2 /* StreetchHeaderUITests.swift */ = {isa = PBXFileReference; lastKnownFileType = sourcecode.swift; path = StreetchHeaderUITests.swift; sourceTree = "<group>"; };
		7D70903A26C4C71500C6E9C2 /* Info.plist */ = {isa = PBXFileReference; lastKnownFileType = text.plist.xml; path = Info.plist; sourceTree = "<group>"; };
		7D70904626C4C93000C6E9C2 /* Main.storyboard */ = {isa = PBXFileReference; lastKnownFileType = file.storyboard; path = Main.storyboard; sourceTree = "<group>"; };
		7D70904926C4C9AC00C6E9C2 /* Theme.swift */ = {isa = PBXFileReference; lastKnownFileType = sourcecode.swift; path = Theme.swift; sourceTree = "<group>"; };
		7D70905226C4CCF200C6E9C2 /* DayOfWeekView.swift */ = {isa = PBXFileReference; lastKnownFileType = sourcecode.swift; path = DayOfWeekView.swift; sourceTree = "<group>"; };
/* End PBXFileReference section */

/* Begin PBXFrameworksBuildPhase section */
		7D70901026C4C71300C6E9C2 /* Frameworks */ = {
			isa = PBXFrameworksBuildPhase;
			buildActionMask = 2147483647;
			files = (
			);
			runOnlyForDeploymentPostprocessing = 0;
		};
		7D70902626C4C71500C6E9C2 /* Frameworks */ = {
			isa = PBXFrameworksBuildPhase;
			buildActionMask = 2147483647;
			files = (
			);
			runOnlyForDeploymentPostprocessing = 0;
		};
		7D70903126C4C71500C6E9C2 /* Frameworks */ = {
			isa = PBXFrameworksBuildPhase;
			buildActionMask = 2147483647;
			files = (
			);
			runOnlyForDeploymentPostprocessing = 0;
		};
/* End PBXFrameworksBuildPhase section */

/* Begin PBXGroup section */
		7D5CF27626C4ECE300E530D6 /* Layout */ = {
			isa = PBXGroup;
			children = (
				7D5CF27726C4ECE700E530D6 /* CustomLayout.swift */,
				7D5CF27C26C4EE4200E530D6 /* StickyLayoutAttributes.swift */,
				7D5CF27E26C4F2DF00E530D6 /* OverlayAlphaLayoutAttributes.swift */,
			);
			path = Layout;
			sourceTree = "<group>";
		};
		7D5CF27926C4EDB800E530D6 /* Protocols */ = {
			isa = PBXGroup;
			children = (
				7D5CF27A26C4EDD500E530D6 /* UICollectionViewDelegateLayoutAttribute.swift */,
			);
			path = Protocols;
			sourceTree = "<group>";
		};
		7D70900A26C4C71300C6E9C2 = {
			isa = PBXGroup;
			children = (
				7D70901526C4C71300C6E9C2 /* StreetchHeader */,
				7D70902C26C4C71500C6E9C2 /* StreetchHeaderTests */,
				7D70903726C4C71500C6E9C2 /* StreetchHeaderUITests */,
				7D70901426C4C71300C6E9C2 /* Products */,
			);
			sourceTree = "<group>";
		};
		7D70901426C4C71300C6E9C2 /* Products */ = {
			isa = PBXGroup;
			children = (
				7D70901326C4C71300C6E9C2 /* StreetchHeader.app */,
				7D70902926C4C71500C6E9C2 /* StreetchHeaderTests.xctest */,
				7D70903426C4C71500C6E9C2 /* StreetchHeaderUITests.xctest */,
			);
			name = Products;
			sourceTree = "<group>";
		};
		7D70901526C4C71300C6E9C2 /* StreetchHeader */ = {
			isa = PBXGroup;
			children = (
				7D5CF27926C4EDB800E530D6 /* Protocols */,
				7D5CF27626C4ECE300E530D6 /* Layout */,
				7D70905026C4CC9700C6E9C2 /* Cell */,
				7D70904F26C4CA0100C6E9C2 /* Util */,
				7D70904E26C4C9FE00C6E9C2 /* Views */,
				7D70904D26C4C9F100C6E9C2 /* Extensions */,
				7D70904C26C4C9EC00C6E9C2 /* Model */,
				7D70904B26C4C9E500C6E9C2 /* Common */,
				7D70904826C4C9A800C6E9C2 /* Style */,
				7D70901626C4C71300C6E9C2 /* AppDelegate.swift */,
				7D70901826C4C71300C6E9C2 /* SceneDelegate.swift */,
				7D70901A26C4C71300C6E9C2 /* ViewController.swift */,
				7D70901F26C4C71500C6E9C2 /* Assets.xcassets */,
				7D70902126C4C71500C6E9C2 /* LaunchScreen.storyboard */,
				7D70902426C4C71500C6E9C2 /* Info.plist */,
				7D70904626C4C93000C6E9C2 /* Main.storyboard */,
			);
			path = StreetchHeader;
			sourceTree = "<group>";
		};
		7D70902C26C4C71500C6E9C2 /* StreetchHeaderTests */ = {
			isa = PBXGroup;
			children = (
				7D70902D26C4C71500C6E9C2 /* StreetchHeaderTests.swift */,
				7D70902F26C4C71500C6E9C2 /* Info.plist */,
			);
			path = StreetchHeaderTests;
			sourceTree = "<group>";
		};
		7D70903726C4C71500C6E9C2 /* StreetchHeaderUITests */ = {
			isa = PBXGroup;
			children = (
				7D70903826C4C71500C6E9C2 /* StreetchHeaderUITests.swift */,
				7D70903A26C4C71500C6E9C2 /* Info.plist */,
			);
			path = StreetchHeaderUITests;
			sourceTree = "<group>";
		};
		7D70904826C4C9A800C6E9C2 /* Style */ = {
			isa = PBXGroup;
			children = (
				7D70904926C4C9AC00C6E9C2 /* Theme.swift */,
			);
			path = Style;
			sourceTree = "<group>";
		};
		7D70904B26C4C9E500C6E9C2 /* Common */ = {
			isa = PBXGroup;
			children = (
				7D5CF27426C4EAA100E530D6 /* IdentifiableType.swift */,
			);
			path = Common;
			sourceTree = "<group>";
		};
		7D70904C26C4C9EC00C6E9C2 /* Model */ = {
			isa = PBXGroup;
			children = (
				7D5CF27026C4E8FD00E530D6 /* DayOfWeek.swift */,
				7D5CF27226C4E9A500E530D6 /* WeatherDay.swift */,
			);
			path = Model;
			sourceTree = "<group>";
		};
		7D70904D26C4C9F100C6E9C2 /* Extensions */ = {
			isa = PBXGroup;
			children = (
				7D5CF26A26C4E3F300E530D6 /* Extensions+UICollectionView.swift */,
			);
			path = Extensions;
			sourceTree = "<group>";
		};
		7D70904E26C4C9FE00C6E9C2 /* Views */ = {
			isa = PBXGroup;
			children = (
				7D70905226C4CCF200C6E9C2 /* DayOfWeekView.swift */,
				7D5CF26026C4DE1C00E530D6 /* DayOfWeekView.xib */,
			);
			path = Views;
			sourceTree = "<group>";
		};
		7D70904F26C4CA0100C6E9C2 /* Util */ = {
			isa = PBXGroup;
			children = (
				7D5CF26C26C4E42700E530D6 /* NibForName.swift */,
				7D5CF28026C4F56000E530D6 /* NibLoadable.swift */,
			);
			path = Util;
			sourceTree = "<group>";
		};
		7D70905026C4CC9700C6E9C2 /* Cell */ = {
			isa = PBXGroup;
			children = (
				7D70905126C4CC9C00C6E9C2 /* Vertical */,
			);
			path = Cell;
			sourceTree = "<group>";
		};
		7D70905126C4CC9C00C6E9C2 /* Vertical */ = {
			isa = PBXGroup;
			children = (
				7D5CF26226C4DFDE00E530D6 /* DayOfWeekCell.xib */,
				7D5CF26426C4DFE900E530D6 /* DayOfWeekCell.swift */,
				7D5CF26626C4E17100E530D6 /* DayOfWeekVerticalContainerCell.swift */,
				7D5CF26826C4E19700E530D6 /* DayOfWeekVerticalContainerCell.xib */,
			);
			path = Vertical;
			sourceTree = "<group>";
		};
/* End PBXGroup section */

/* Begin PBXNativeTarget section */
		7D70901226C4C71300C6E9C2 /* StreetchHeader */ = {
			isa = PBXNativeTarget;
			buildConfigurationList = 7D70903D26C4C71500C6E9C2 /* Build configuration list for PBXNativeTarget "StreetchHeader" */;
			buildPhases = (
				7D70900F26C4C71300C6E9C2 /* Sources */,
				7D70901026C4C71300C6E9C2 /* Frameworks */,
				7D70901126C4C71300C6E9C2 /* Resources */,
			);
			buildRules = (
			);
			dependencies = (
			);
			name = StreetchHeader;
			productName = StreetchHeader;
			productReference = 7D70901326C4C71300C6E9C2 /* StreetchHeader.app */;
			productType = "com.apple.product-type.application";
		};
		7D70902826C4C71500C6E9C2 /* StreetchHeaderTests */ = {
			isa = PBXNativeTarget;
			buildConfigurationList = 7D70904026C4C71500C6E9C2 /* Build configuration list for PBXNativeTarget "StreetchHeaderTests" */;
			buildPhases = (
				7D70902526C4C71500C6E9C2 /* Sources */,
				7D70902626C4C71500C6E9C2 /* Frameworks */,
				7D70902726C4C71500C6E9C2 /* Resources */,
			);
			buildRules = (
			);
			dependencies = (
				7D70902B26C4C71500C6E9C2 /* PBXTargetDependency */,
			);
			name = StreetchHeaderTests;
			productName = StreetchHeaderTests;
			productReference = 7D70902926C4C71500C6E9C2 /* StreetchHeaderTests.xctest */;
			productType = "com.apple.product-type.bundle.unit-test";
		};
		7D70903326C4C71500C6E9C2 /* StreetchHeaderUITests */ = {
			isa = PBXNativeTarget;
			buildConfigurationList = 7D70904326C4C71500C6E9C2 /* Build configuration list for PBXNativeTarget "StreetchHeaderUITests" */;
			buildPhases = (
				7D70903026C4C71500C6E9C2 /* Sources */,
				7D70903126C4C71500C6E9C2 /* Frameworks */,
				7D70903226C4C71500C6E9C2 /* Resources */,
			);
			buildRules = (
			);
			dependencies = (
				7D70903626C4C71500C6E9C2 /* PBXTargetDependency */,
			);
			name = StreetchHeaderUITests;
			productName = StreetchHeaderUITests;
			productReference = 7D70903426C4C71500C6E9C2 /* StreetchHeaderUITests.xctest */;
			productType = "com.apple.product-type.bundle.ui-testing";
		};
/* End PBXNativeTarget section */

/* Begin PBXProject section */
		7D70900B26C4C71300C6E9C2 /* Project object */ = {
			isa = PBXProject;
			attributes = {
				LastSwiftUpdateCheck = 1250;
				LastUpgradeCheck = 1250;
				TargetAttributes = {
					7D70901226C4C71300C6E9C2 = {
						CreatedOnToolsVersion = 12.5;
					};
					7D70902826C4C71500C6E9C2 = {
						CreatedOnToolsVersion = 12.5;
						TestTargetID = 7D70901226C4C71300C6E9C2;
					};
					7D70903326C4C71500C6E9C2 = {
						CreatedOnToolsVersion = 12.5;
						TestTargetID = 7D70901226C4C71300C6E9C2;
					};
				};
			};
			buildConfigurationList = 7D70900E26C4C71300C6E9C2 /* Build configuration list for PBXProject "StreetchHeader" */;
			compatibilityVersion = "Xcode 9.3";
			developmentRegion = en;
			hasScannedForEncodings = 0;
			knownRegions = (
				en,
				Base,
			);
			mainGroup = 7D70900A26C4C71300C6E9C2;
			productRefGroup = 7D70901426C4C71300C6E9C2 /* Products */;
			projectDirPath = "";
			projectRoot = "";
			targets = (
				7D70901226C4C71300C6E9C2 /* StreetchHeader */,
				7D70902826C4C71500C6E9C2 /* StreetchHeaderTests */,
				7D70903326C4C71500C6E9C2 /* StreetchHeaderUITests */,
			);
		};
/* End PBXProject section */

/* Begin PBXResourcesBuildPhase section */
		7D70901126C4C71300C6E9C2 /* Resources */ = {
			isa = PBXResourcesBuildPhase;
			buildActionMask = 2147483647;
			files = (
				7D5CF26126C4DE1C00E530D6 /* DayOfWeekView.xib in Resources */,
				7D5CF26926C4E19700E530D6 /* DayOfWeekVerticalContainerCell.xib in Resources */,
				7D70904726C4C93000C6E9C2 /* Main.storyboard in Resources */,
				7D70902326C4C71500C6E9C2 /* LaunchScreen.storyboard in Resources */,
				7D5CF26326C4DFDE00E530D6 /* DayOfWeekCell.xib in Resources */,
				7D70902026C4C71500C6E9C2 /* Assets.xcassets in Resources */,
			);
			runOnlyForDeploymentPostprocessing = 0;
		};
		7D70902726C4C71500C6E9C2 /* Resources */ = {
			isa = PBXResourcesBuildPhase;
			buildActionMask = 2147483647;
			files = (
			);
			runOnlyForDeploymentPostprocessing = 0;
		};
		7D70903226C4C71500C6E9C2 /* Resources */ = {
			isa = PBXResourcesBuildPhase;
			buildActionMask = 2147483647;
			files = (
			);
			runOnlyForDeploymentPostprocessing = 0;
		};
/* End PBXResourcesBuildPhase section */

/* Begin PBXSourcesBuildPhase section */
		7D70900F26C4C71300C6E9C2 /* Sources */ = {
			isa = PBXSourcesBuildPhase;
			buildActionMask = 2147483647;
			files = (
				7D70901B26C4C71300C6E9C2 /* ViewController.swift in Sources */,
				7D5CF28126C4F56000E530D6 /* NibLoadable.swift in Sources */,
				7D5CF27126C4E8FD00E530D6 /* DayOfWeek.swift in Sources */,
				7D5CF27F26C4F2DF00E530D6 /* OverlayAlphaLayoutAttributes.swift in Sources */,
				7D70904A26C4C9AC00C6E9C2 /* Theme.swift in Sources */,
				7D5CF27526C4EAA100E530D6 /* IdentifiableType.swift in Sources */,
				7D5CF26526C4DFE900E530D6 /* DayOfWeekCell.swift in Sources */,
				7D5CF26726C4E17100E530D6 /* DayOfWeekVerticalContainerCell.swift in Sources */,
				7D5CF26B26C4E3F300E530D6 /* Extensions+UICollectionView.swift in Sources */,
				7D5CF26D26C4E42700E530D6 /* NibForName.swift in Sources */,
				7D70901726C4C71300C6E9C2 /* AppDelegate.swift in Sources */,
				7D70905326C4CCF200C6E9C2 /* DayOfWeekView.swift in Sources */,
				7D5CF27326C4E9A500E530D6 /* WeatherDay.swift in Sources */,
				7D5CF27826C4ECE700E530D6 /* CustomLayout.swift in Sources */,
				7D5CF27B26C4EDD500E530D6 /* UICollectionViewDelegateLayoutAttribute.swift in Sources */,
				7D5CF27D26C4EE4200E530D6 /* StickyLayoutAttributes.swift in Sources */,
				7D70901926C4C71300C6E9C2 /* SceneDelegate.swift in Sources */,
			);
			runOnlyForDeploymentPostprocessing = 0;
		};
		7D70902526C4C71500C6E9C2 /* Sources */ = {
			isa = PBXSourcesBuildPhase;
			buildActionMask = 2147483647;
			files = (
				7D70902E26C4C71500C6E9C2 /* StreetchHeaderTests.swift in Sources */,
			);
			runOnlyForDeploymentPostprocessing = 0;
		};
		7D70903026C4C71500C6E9C2 /* Sources */ = {
			isa = PBXSourcesBuildPhase;
			buildActionMask = 2147483647;
			files = (
				7D70903926C4C71500C6E9C2 /* StreetchHeaderUITests.swift in Sources */,
			);
			runOnlyForDeploymentPostprocessing = 0;
		};
/* End PBXSourcesBuildPhase section */

/* Begin PBXTargetDependency section */
		7D70902B26C4C71500C6E9C2 /* PBXTargetDependency */ = {
			isa = PBXTargetDependency;
			target = 7D70901226C4C71300C6E9C2 /* StreetchHeader */;
			targetProxy = 7D70902A26C4C71500C6E9C2 /* PBXContainerItemProxy */;
		};
		7D70903626C4C71500C6E9C2 /* PBXTargetDependency */ = {
			isa = PBXTargetDependency;
			target = 7D70901226C4C71300C6E9C2 /* StreetchHeader */;
			targetProxy = 7D70903526C4C71500C6E9C2 /* PBXContainerItemProxy */;
		};
/* End PBXTargetDependency section */

/* Begin PBXVariantGroup section */
		7D70902126C4C71500C6E9C2 /* LaunchScreen.storyboard */ = {
			isa = PBXVariantGroup;
			children = (
				7D70902226C4C71500C6E9C2 /* Base */,
			);
			name = LaunchScreen.storyboard;
			sourceTree = "<group>";
		};
/* End PBXVariantGroup section */

/* Begin XCBuildConfiguration section */
		7D70903B26C4C71500C6E9C2 /* Debug */ = {
			isa = XCBuildConfiguration;
			buildSettings = {
				ALWAYS_SEARCH_USER_PATHS = NO;
				CLANG_ANALYZER_NONNULL = YES;
				CLANG_ANALYZER_NUMBER_OBJECT_CONVERSION = YES_AGGRESSIVE;
				CLANG_CXX_LANGUAGE_STANDARD = "gnu++14";
				CLANG_CXX_LIBRARY = "libc++";
				CLANG_ENABLE_MODULES = YES;
				CLANG_ENABLE_OBJC_ARC = YES;
				CLANG_ENABLE_OBJC_WEAK = YES;
				CLANG_WARN_BLOCK_CAPTURE_AUTORELEASING = YES;
				CLANG_WARN_BOOL_CONVERSION = YES;
				CLANG_WARN_COMMA = YES;
				CLANG_WARN_CONSTANT_CONVERSION = YES;
				CLANG_WARN_DEPRECATED_OBJC_IMPLEMENTATIONS = YES;
				CLANG_WARN_DIRECT_OBJC_ISA_USAGE = YES_ERROR;
				CLANG_WARN_DOCUMENTATION_COMMENTS = YES;
				CLANG_WARN_EMPTY_BODY = YES;
				CLANG_WARN_ENUM_CONVERSION = YES;
				CLANG_WARN_INFINITE_RECURSION = YES;
				CLANG_WARN_INT_CONVERSION = YES;
				CLANG_WARN_NON_LITERAL_NULL_CONVERSION = YES;
				CLANG_WARN_OBJC_IMPLICIT_RETAIN_SELF = YES;
				CLANG_WARN_OBJC_LITERAL_CONVERSION = YES;
				CLANG_WARN_OBJC_ROOT_CLASS = YES_ERROR;
				CLANG_WARN_QUOTED_INCLUDE_IN_FRAMEWORK_HEADER = YES;
				CLANG_WARN_RANGE_LOOP_ANALYSIS = YES;
				CLANG_WARN_STRICT_PROTOTYPES = YES;
				CLANG_WARN_SUSPICIOUS_MOVE = YES;
				CLANG_WARN_UNGUARDED_AVAILABILITY = YES_AGGRESSIVE;
				CLANG_WARN_UNREACHABLE_CODE = YES;
				CLANG_WARN__DUPLICATE_METHOD_MATCH = YES;
				COPY_PHASE_STRIP = NO;
				DEBUG_INFORMATION_FORMAT = dwarf;
				ENABLE_STRICT_OBJC_MSGSEND = YES;
				ENABLE_TESTABILITY = YES;
				GCC_C_LANGUAGE_STANDARD = gnu11;
				GCC_DYNAMIC_NO_PIC = NO;
				GCC_NO_COMMON_BLOCKS = YES;
				GCC_OPTIMIZATION_LEVEL = 0;
				GCC_PREPROCESSOR_DEFINITIONS = (
					"DEBUG=1",
					"$(inherited)",
				);
				GCC_WARN_64_TO_32_BIT_CONVERSION = YES;
				GCC_WARN_ABOUT_RETURN_TYPE = YES_ERROR;
				GCC_WARN_UNDECLARED_SELECTOR = YES;
				GCC_WARN_UNINITIALIZED_AUTOS = YES_AGGRESSIVE;
				GCC_WARN_UNUSED_FUNCTION = YES;
				GCC_WARN_UNUSED_VARIABLE = YES;
				IPHONEOS_DEPLOYMENT_TARGET = 14.5;
				MTL_ENABLE_DEBUG_INFO = INCLUDE_SOURCE;
				MTL_FAST_MATH = YES;
				ONLY_ACTIVE_ARCH = YES;
				SDKROOT = iphoneos;
				SWIFT_ACTIVE_COMPILATION_CONDITIONS = DEBUG;
				SWIFT_OPTIMIZATION_LEVEL = "-Onone";
			};
			name = Debug;
		};
		7D70903C26C4C71500C6E9C2 /* Release */ = {
			isa = XCBuildConfiguration;
			buildSettings = {
				ALWAYS_SEARCH_USER_PATHS = NO;
				CLANG_ANALYZER_NONNULL = YES;
				CLANG_ANALYZER_NUMBER_OBJECT_CONVERSION = YES_AGGRESSIVE;
				CLANG_CXX_LANGUAGE_STANDARD = "gnu++14";
				CLANG_CXX_LIBRARY = "libc++";
				CLANG_ENABLE_MODULES = YES;
				CLANG_ENABLE_OBJC_ARC = YES;
				CLANG_ENABLE_OBJC_WEAK = YES;
				CLANG_WARN_BLOCK_CAPTURE_AUTORELEASING = YES;
				CLANG_WARN_BOOL_CONVERSION = YES;
				CLANG_WARN_COMMA = YES;
				CLANG_WARN_CONSTANT_CONVERSION = YES;
				CLANG_WARN_DEPRECATED_OBJC_IMPLEMENTATIONS = YES;
				CLANG_WARN_DIRECT_OBJC_ISA_USAGE = YES_ERROR;
				CLANG_WARN_DOCUMENTATION_COMMENTS = YES;
				CLANG_WARN_EMPTY_BODY = YES;
				CLANG_WARN_ENUM_CONVERSION = YES;
				CLANG_WARN_INFINITE_RECURSION = YES;
				CLANG_WARN_INT_CONVERSION = YES;
				CLANG_WARN_NON_LITERAL_NULL_CONVERSION = YES;
				CLANG_WARN_OBJC_IMPLICIT_RETAIN_SELF = YES;
				CLANG_WARN_OBJC_LITERAL_CONVERSION = YES;
				CLANG_WARN_OBJC_ROOT_CLASS = YES_ERROR;
				CLANG_WARN_QUOTED_INCLUDE_IN_FRAMEWORK_HEADER = YES;
				CLANG_WARN_RANGE_LOOP_ANALYSIS = YES;
				CLANG_WARN_STRICT_PROTOTYPES = YES;
				CLANG_WARN_SUSPICIOUS_MOVE = YES;
				CLANG_WARN_UNGUARDED_AVAILABILITY = YES_AGGRESSIVE;
				CLANG_WARN_UNREACHABLE_CODE = YES;
				CLANG_WARN__DUPLICATE_METHOD_MATCH = YES;
				COPY_PHASE_STRIP = NO;
				DEBUG_INFORMATION_FORMAT = "dwarf-with-dsym";
				ENABLE_NS_ASSERTIONS = NO;
				ENABLE_STRICT_OBJC_MSGSEND = YES;
				GCC_C_LANGUAGE_STANDARD = gnu11;
				GCC_NO_COMMON_BLOCKS = YES;
				GCC_WARN_64_TO_32_BIT_CONVERSION = YES;
				GCC_WARN_ABOUT_RETURN_TYPE = YES_ERROR;
				GCC_WARN_UNDECLARED_SELECTOR = YES;
				GCC_WARN_UNINITIALIZED_AUTOS = YES_AGGRESSIVE;
				GCC_WARN_UNUSED_FUNCTION = YES;
				GCC_WARN_UNUSED_VARIABLE = YES;
				IPHONEOS_DEPLOYMENT_TARGET = 14.5;
				MTL_ENABLE_DEBUG_INFO = NO;
				MTL_FAST_MATH = YES;
				SDKROOT = iphoneos;
				SWIFT_COMPILATION_MODE = wholemodule;
				SWIFT_OPTIMIZATION_LEVEL = "-O";
				VALIDATE_PRODUCT = YES;
			};
			name = Release;
		};
		7D70903E26C4C71500C6E9C2 /* Debug */ = {
			isa = XCBuildConfiguration;
			buildSettings = {
				ASSETCATALOG_COMPILER_APPICON_NAME = AppIcon;
				ASSETCATALOG_COMPILER_GLOBAL_ACCENT_COLOR_NAME = AccentColor;
				CODE_SIGN_STYLE = Automatic;
				DEVELOPMENT_TEAM = JH6HFBQXT6;
				INFOPLIST_FILE = StreetchHeader/Info.plist;
				LD_RUNPATH_SEARCH_PATHS = (
					"$(inherited)",
					"@executable_path/Frameworks",
				);
				PRODUCT_BUNDLE_IDENTIFIER = miiiiiin.StreetchHeader;
				PRODUCT_NAME = "$(TARGET_NAME)";
				SWIFT_VERSION = 5.0;
				TARGETED_DEVICE_FAMILY = "1,2";
			};
			name = Debug;
		};
		7D70903F26C4C71500C6E9C2 /* Release */ = {
			isa = XCBuildConfiguration;
			buildSettings = {
				ASSETCATALOG_COMPILER_APPICON_NAME = AppIcon;
				ASSETCATALOG_COMPILER_GLOBAL_ACCENT_COLOR_NAME = AccentColor;
				CODE_SIGN_STYLE = Automatic;
				DEVELOPMENT_TEAM = JH6HFBQXT6;
				INFOPLIST_FILE = StreetchHeader/Info.plist;
				LD_RUNPATH_SEARCH_PATHS = (
					"$(inherited)",
					"@executable_path/Frameworks",
				);
				PRODUCT_BUNDLE_IDENTIFIER = miiiiiin.StreetchHeader;
				PRODUCT_NAME = "$(TARGET_NAME)";
				SWIFT_VERSION = 5.0;
				TARGETED_DEVICE_FAMILY = "1,2";
			};
			name = Release;
		};
		7D70904126C4C71500C6E9C2 /* Debug */ = {
			isa = XCBuildConfiguration;
			buildSettings = {
				ALWAYS_EMBED_SWIFT_STANDARD_LIBRARIES = YES;
				BUNDLE_LOADER = "$(TEST_HOST)";
				CODE_SIGN_STYLE = Automatic;
				DEVELOPMENT_TEAM = JH6HFBQXT6;
				INFOPLIST_FILE = StreetchHeaderTests/Info.plist;
				IPHONEOS_DEPLOYMENT_TARGET = 14.5;
				LD_RUNPATH_SEARCH_PATHS = (
					"$(inherited)",
					"@executable_path/Frameworks",
					"@loader_path/Frameworks",
				);
				PRODUCT_BUNDLE_IDENTIFIER = miiiiiin.StreetchHeaderTests;
				PRODUCT_NAME = "$(TARGET_NAME)";
				SWIFT_VERSION = 5.0;
				TARGETED_DEVICE_FAMILY = "1,2";
				TEST_HOST = "$(BUILT_PRODUCTS_DIR)/StreetchHeader.app/StreetchHeader";
			};
			name = Debug;
		};
		7D70904226C4C71500C6E9C2 /* Release */ = {
			isa = XCBuildConfiguration;
			buildSettings = {
				ALWAYS_EMBED_SWIFT_STANDARD_LIBRARIES = YES;
				BUNDLE_LOADER = "$(TEST_HOST)";
				CODE_SIGN_STYLE = Automatic;
				DEVELOPMENT_TEAM = JH6HFBQXT6;
				INFOPLIST_FILE = StreetchHeaderTests/Info.plist;
				IPHONEOS_DEPLOYMENT_TARGET = 14.5;
				LD_RUNPATH_SEARCH_PATHS = (
					"$(inherited)",
					"@executable_path/Frameworks",
					"@loader_path/Frameworks",
				);
				PRODUCT_BUNDLE_IDENTIFIER = miiiiiin.StreetchHeaderTests;
				PRODUCT_NAME = "$(TARGET_NAME)";
				SWIFT_VERSION = 5.0;
				TARGETED_DEVICE_FAMILY = "1,2";
				TEST_HOST = "$(BUILT_PRODUCTS_DIR)/StreetchHeader.app/StreetchHeader";
			};
			name = Release;
		};
		7D70904426C4C71500C6E9C2 /* Debug */ = {
			isa = XCBuildConfiguration;
			buildSettings = {
				ALWAYS_EMBED_SWIFT_STANDARD_LIBRARIES = YES;
				CODE_SIGN_STYLE = Automatic;
				DEVELOPMENT_TEAM = JH6HFBQXT6;
				INFOPLIST_FILE = StreetchHeaderUITests/Info.plist;
				LD_RUNPATH_SEARCH_PATHS = (
					"$(inherited)",
					"@executable_path/Frameworks",
					"@loader_path/Frameworks",
				);
				PRODUCT_BUNDLE_IDENTIFIER = miiiiiin.StreetchHeaderUITests;
				PRODUCT_NAME = "$(TARGET_NAME)";
				SWIFT_VERSION = 5.0;
				TARGETED_DEVICE_FAMILY = "1,2";
				TEST_TARGET_NAME = StreetchHeader;
			};
			name = Debug;
		};
		7D70904526C4C71500C6E9C2 /* Release */ = {
			isa = XCBuildConfiguration;
			buildSettings = {
				ALWAYS_EMBED_SWIFT_STANDARD_LIBRARIES = YES;
				CODE_SIGN_STYLE = Automatic;
				DEVELOPMENT_TEAM = JH6HFBQXT6;
				INFOPLIST_FILE = StreetchHeaderUITests/Info.plist;
				LD_RUNPATH_SEARCH_PATHS = (
					"$(inherited)",
					"@executable_path/Frameworks",
					"@loader_path/Frameworks",
				);
				PRODUCT_BUNDLE_IDENTIFIER = miiiiiin.StreetchHeaderUITests;
				PRODUCT_NAME = "$(TARGET_NAME)";
				SWIFT_VERSION = 5.0;
				TARGETED_DEVICE_FAMILY = "1,2";
				TEST_TARGET_NAME = StreetchHeader;
			};
			name = Release;
		};
/* End XCBuildConfiguration section */

/* Begin XCConfigurationList section */
		7D70900E26C4C71300C6E9C2 /* Build configuration list for PBXProject "StreetchHeader" */ = {
			isa = XCConfigurationList;
			buildConfigurations = (
				7D70903B26C4C71500C6E9C2 /* Debug */,
				7D70903C26C4C71500C6E9C2 /* Release */,
			);
			defaultConfigurationIsVisible = 0;
			defaultConfigurationName = Release;
		};
		7D70903D26C4C71500C6E9C2 /* Build configuration list for PBXNativeTarget "StreetchHeader" */ = {
			isa = XCConfigurationList;
			buildConfigurations = (
				7D70903E26C4C71500C6E9C2 /* Debug */,
				7D70903F26C4C71500C6E9C2 /* Release */,
			);
			defaultConfigurationIsVisible = 0;
			defaultConfigurationName = Release;
		};
		7D70904026C4C71500C6E9C2 /* Build configuration list for PBXNativeTarget "StreetchHeaderTests" */ = {
			isa = XCConfigurationList;
			buildConfigurations = (
				7D70904126C4C71500C6E9C2 /* Debug */,
				7D70904226C4C71500C6E9C2 /* Release */,
			);
			defaultConfigurationIsVisible = 0;
			defaultConfigurationName = Release;
		};
		7D70904326C4C71500C6E9C2 /* Build configuration list for PBXNativeTarget "StreetchHeaderUITests" */ = {
			isa = XCConfigurationList;
			buildConfigurations = (
				7D70904426C4C71500C6E9C2 /* Debug */,
				7D70904526C4C71500C6E9C2 /* Release */,
			);
			defaultConfigurationIsVisible = 0;
			defaultConfigurationName = Release;
		};
/* End XCConfigurationList section */
	};
	rootObject = 7D70900B26C4C71300C6E9C2 /* Project object */;
}
